// !$*UTF8*$!
{
	archiveVersion = 1;
	classes = {
	};
	objectVersion = 51;
	objects = {

/* Begin PBXBuildFile section */
		2CCA6C94114E076249A51E71 /* Pods_LeanGameScaleTests.framework in Frameworks */ = {isa = PBXBuildFile; fileRef = AD5A0B1A7997CD5274836C15 /* Pods_LeanGameScaleTests.framework */; };
		9018949324DD388800082E25 /* FavoritedGames+CoreDataClass.swift in Sources */ = {isa = PBXBuildFile; fileRef = 9018949224DD388800082E25 /* FavoritedGames+CoreDataClass.swift */; };
		9018949424DD388800082E25 /* FavoritedGames+CoreDataProperties.swift in Sources */ = {isa = PBXBuildFile; fileRef = 9018949124DD388800082E25 /* FavoritedGames+CoreDataProperties.swift */; };
		9018949624DD68BD00082E25 /* FavoritesViewModel.swift in Sources */ = {isa = PBXBuildFile; fileRef = 9018949524DD68BD00082E25 /* FavoritesViewModel.swift */; };
		9018949824DE945F00082E25 /* Constants.swift in Sources */ = {isa = PBXBuildFile; fileRef = 9018949724DE945F00082E25 /* Constants.swift */; };
		9018949A24DEC09A00082E25 /* SpinnerViewController.swift in Sources */ = {isa = PBXBuildFile; fileRef = 9018949924DEC09A00082E25 /* SpinnerViewController.swift */; };
		901894A024DF318900082E25 /* UITextView-ReadMore.swift in Sources */ = {isa = PBXBuildFile; fileRef = 9018949F24DF318900082E25 /* UITextView-ReadMore.swift */; };
		902416A424D74FCF00B4AE15 /* GameTableCellViewModel.swift in Sources */ = {isa = PBXBuildFile; fileRef = 902416A324D74FCF00B4AE15 /* GameTableCellViewModel.swift */; };
		902416A824D7FE8B00B4AE15 /* UITableView-ReloadAnimated.swift in Sources */ = {isa = PBXBuildFile; fileRef = 902416A724D7FE8B00B4AE15 /* UITableView-ReloadAnimated.swift */; };
		902416AC24D8013700B4AE15 /* GameDetail.storyboard in Resources */ = {isa = PBXBuildFile; fileRef = 902416AB24D8013700B4AE15 /* GameDetail.storyboard */; };
		902416AE24D8930500B4AE15 /* GameDetailViewController.swift in Sources */ = {isa = PBXBuildFile; fileRef = 902416AD24D8930500B4AE15 /* GameDetailViewController.swift */; };
		902416B024D89FA600B4AE15 /* PersistanceService.swift in Sources */ = {isa = PBXBuildFile; fileRef = 902416AF24D89FA500B4AE15 /* PersistanceService.swift */; };
		9049C73424DFF14700D32E54 /* GameTitleGradientView.swift in Sources */ = {isa = PBXBuildFile; fileRef = 9049C73324DFF14700D32E54 /* GameTitleGradientView.swift */; };
		9049C73924E001AE00D32E54 /* game1.json in Resources */ = {isa = PBXBuildFile; fileRef = 9049C73824E001AE00D32E54 /* game1.json */; };
		9049C73B24E001C400D32E54 /* game2.json in Resources */ = {isa = PBXBuildFile; fileRef = 9049C73A24E001C400D32E54 /* game2.json */; };
		9049C73D24E001F900D32E54 /* game3.json in Resources */ = {isa = PBXBuildFile; fileRef = 9049C73C24E001F900D32E54 /* game3.json */; };
		9049C73F24E0029A00D32E54 /* GamesControllerTests.swift in Sources */ = {isa = PBXBuildFile; fileRef = 9049C73E24E0029A00D32E54 /* GamesControllerTests.swift */; };
		9049C74124E056B900D32E54 /* MockServiceManager.swift in Sources */ = {isa = PBXBuildFile; fileRef = 9049C74024E056B900D32E54 /* MockServiceManager.swift */; };
		9049C74324E056EA00D32E54 /* MockGameViewController.swift in Sources */ = {isa = PBXBuildFile; fileRef = 9049C74224E056EA00D32E54 /* MockGameViewController.swift */; };
		9049C74524E0581500D32E54 /* MockDataLoader.swift in Sources */ = {isa = PBXBuildFile; fileRef = 9049C74424E0581500D32E54 /* MockDataLoader.swift */; };
		9049C74924E058E400D32E54 /* gameResults.json in Resources */ = {isa = PBXBuildFile; fileRef = 9049C74824E058E400D32E54 /* gameResults.json */; };
		9049C74B24E0880F00D32E54 /* GameDetailControllerTests.swift in Sources */ = {isa = PBXBuildFile; fileRef = 9049C74A24E0880F00D32E54 /* GameDetailControllerTests.swift */; };
		909ED0DC24D996E40039A260 /* OpenedGames+CoreDataProperties.swift in Sources */ = {isa = PBXBuildFile; fileRef = 909ED0DB24D996E30039A260 /* OpenedGames+CoreDataProperties.swift */; };
		909ED0DD24D996E40039A260 /* OpenedGames+CoreDataClass.swift in Sources */ = {isa = PBXBuildFile; fileRef = 909ED0DA24D996E30039A260 /* OpenedGames+CoreDataClass.swift */; };
		909ED0E124DA10ED0039A260 /* UITableView-EmptyDataView.swift in Sources */ = {isa = PBXBuildFile; fileRef = 909ED0E024DA10ED0039A260 /* UITableView-EmptyDataView.swift */; };
		909ED0F524DBE2F30039A260 /* GameDetailViewModel.swift in Sources */ = {isa = PBXBuildFile; fileRef = 909ED0F424DBE2F30039A260 /* GameDetailViewModel.swift */; };
		909ED0F724DBE3250039A260 /* GameDetailContracts.swift in Sources */ = {isa = PBXBuildFile; fileRef = 909ED0F624DBE3250039A260 /* GameDetailContracts.swift */; };
		909ED0F924DC126F0039A260 /* String-HTMLtoString.swift in Sources */ = {isa = PBXBuildFile; fileRef = 909ED0F824DC126E0039A260 /* String-HTMLtoString.swift */; };
		90F093E124D4A4170043B1EA /* AppDelegate.swift in Sources */ = {isa = PBXBuildFile; fileRef = 90F093E024D4A4170043B1EA /* AppDelegate.swift */; };
		90F093E524D4A4170043B1EA /* GamesViewController.swift in Sources */ = {isa = PBXBuildFile; fileRef = 90F093E424D4A4170043B1EA /* GamesViewController.swift */; };
		90F093EB24D4A4170043B1EA /* LeanGameScale.xcdatamodeld in Sources */ = {isa = PBXBuildFile; fileRef = 90F093E924D4A4170043B1EA /* LeanGameScale.xcdatamodeld */; };
		90F093ED24D4A4190043B1EA /* Assets.xcassets in Resources */ = {isa = PBXBuildFile; fileRef = 90F093EC24D4A4190043B1EA /* Assets.xcassets */; };
		90F093F024D4A4190043B1EA /* LaunchScreen.storyboard in Resources */ = {isa = PBXBuildFile; fileRef = 90F093EE24D4A4190043B1EA /* LaunchScreen.storyboard */; };
		90F2815924D53EF50049AF0E /* Games.storyboard in Resources */ = {isa = PBXBuildFile; fileRef = 90F2815824D53EF50049AF0E /* Games.storyboard */; };
		90F2815B24D53FB10049AF0E /* Favorites.storyboard in Resources */ = {isa = PBXBuildFile; fileRef = 90F2815A24D53FB10049AF0E /* Favorites.storyboard */; };
		90F2815E24D59D880049AF0E /* Coordinator.swift in Sources */ = {isa = PBXBuildFile; fileRef = 90F2815D24D59D880049AF0E /* Coordinator.swift */; };
		90F2816024D59D920049AF0E /* Storyboarded.swift in Sources */ = {isa = PBXBuildFile; fileRef = 90F2815F24D59D920049AF0E /* Storyboarded.swift */; };
		90F2816524D5A1A90049AF0E /* FavoritesViewController.swift in Sources */ = {isa = PBXBuildFile; fileRef = 90F2816424D5A1A90049AF0E /* FavoritesViewController.swift */; };
		90F2816724D5A1D90049AF0E /* MainTabBarController.swift in Sources */ = {isa = PBXBuildFile; fileRef = 90F2816624D5A1D90049AF0E /* MainTabBarController.swift */; };
		90F2816924D5A2A20049AF0E /* GamesCoordinator.swift in Sources */ = {isa = PBXBuildFile; fileRef = 90F2816824D5A2A20049AF0E /* GamesCoordinator.swift */; };
		90F2816B24D5A30C0049AF0E /* FavoritesCoordinator.swift in Sources */ = {isa = PBXBuildFile; fileRef = 90F2816A24D5A30C0049AF0E /* FavoritesCoordinator.swift */; };
		90F2819624D690F50049AF0E /* LeanGameScaleAPI.framework in Frameworks */ = {isa = PBXBuildFile; fileRef = 90F2819524D690F50049AF0E /* LeanGameScaleAPI.framework */; settings = {ATTRIBUTES = (Required, ); }; };
		90F2819724D690F50049AF0E /* LeanGameScaleAPI.framework in Embed Frameworks */ = {isa = PBXBuildFile; fileRef = 90F2819524D690F50049AF0E /* LeanGameScaleAPI.framework */; settings = {ATTRIBUTES = (CodeSignOnCopy, RemoveHeadersOnCopy, ); }; };
		90F281A524D70E2B0049AF0E /* GamesViewModel.swift in Sources */ = {isa = PBXBuildFile; fileRef = 90F281A424D70E2B0049AF0E /* GamesViewModel.swift */; };
		90F281A724D70EF20049AF0E /* GamesContracts.swift in Sources */ = {isa = PBXBuildFile; fileRef = 90F281A624D70EF20049AF0E /* GamesContracts.swift */; };
		90F281AA24D71DD30049AF0E /* Collection-SafeIndex.swift in Sources */ = {isa = PBXBuildFile; fileRef = 90F281A924D71DD30049AF0E /* Collection-SafeIndex.swift */; };
		90F281AC24D725540049AF0E /* UIViewController-LoadingAnimation.swift in Sources */ = {isa = PBXBuildFile; fileRef = 90F281AB24D725530049AF0E /* UIViewController-LoadingAnimation.swift */; };
		90F281B024D7449E0049AF0E /* GameTableViewCell.swift in Sources */ = {isa = PBXBuildFile; fileRef = 90F281AE24D7449E0049AF0E /* GameTableViewCell.swift */; };
		90F281B124D7449E0049AF0E /* GameTableViewCell.xib in Resources */ = {isa = PBXBuildFile; fileRef = 90F281AF24D7449E0049AF0E /* GameTableViewCell.xib */; };
		9EA5AC13E1E9A21730E817E8 /* Pods_LeanGameScale.framework in Frameworks */ = {isa = PBXBuildFile; fileRef = 7F5C2E0766E39FF1514CAF0A /* Pods_LeanGameScale.framework */; };
/* End PBXBuildFile section */

/* Begin PBXContainerItemProxy section */
		90F093F724D4A4190043B1EA /* PBXContainerItemProxy */ = {
			isa = PBXContainerItemProxy;
			containerPortal = 90F093D524D4A4170043B1EA /* Project object */;
			proxyType = 1;
			remoteGlobalIDString = 90F093DC24D4A4170043B1EA;
			remoteInfo = LeanGameScale;
		};
/* End PBXContainerItemProxy section */

/* Begin PBXCopyFilesBuildPhase section */
		90F2819824D690F50049AF0E /* Embed Frameworks */ = {
			isa = PBXCopyFilesBuildPhase;
			buildActionMask = 2147483647;
			dstPath = "";
			dstSubfolderSpec = 10;
			files = (
				90F2819724D690F50049AF0E /* LeanGameScaleAPI.framework in Embed Frameworks */,
			);
			name = "Embed Frameworks";
			runOnlyForDeploymentPostprocessing = 0;
		};
/* End PBXCopyFilesBuildPhase section */

/* Begin PBXFileReference section */
		51ABA2BF6AC95D3DD14D7AA4 /* Pods-LeanGameScaleTests.debug.xcconfig */ = {isa = PBXFileReference; includeInIndex = 1; lastKnownFileType = text.xcconfig; name = "Pods-LeanGameScaleTests.debug.xcconfig"; path = "Target Support Files/Pods-LeanGameScaleTests/Pods-LeanGameScaleTests.debug.xcconfig"; sourceTree = "<group>"; };
		625DAD027EB89D51BCE67CB3 /* Pods-LeanGameScale.debug.xcconfig */ = {isa = PBXFileReference; includeInIndex = 1; lastKnownFileType = text.xcconfig; name = "Pods-LeanGameScale.debug.xcconfig"; path = "Target Support Files/Pods-LeanGameScale/Pods-LeanGameScale.debug.xcconfig"; sourceTree = "<group>"; };
		6910022B2729843F2EF0D801 /* Pods-LeanGameScaleTests.release.xcconfig */ = {isa = PBXFileReference; includeInIndex = 1; lastKnownFileType = text.xcconfig; name = "Pods-LeanGameScaleTests.release.xcconfig"; path = "Target Support Files/Pods-LeanGameScaleTests/Pods-LeanGameScaleTests.release.xcconfig"; sourceTree = "<group>"; };
		7AA4849572C763C9E7862482 /* Pods_LeanGameScale_LeanGameScaleUITests.framework */ = {isa = PBXFileReference; explicitFileType = wrapper.framework; includeInIndex = 0; path = Pods_LeanGameScale_LeanGameScaleUITests.framework; sourceTree = BUILT_PRODUCTS_DIR; };
		7F5C2E0766E39FF1514CAF0A /* Pods_LeanGameScale.framework */ = {isa = PBXFileReference; explicitFileType = wrapper.framework; includeInIndex = 0; path = Pods_LeanGameScale.framework; sourceTree = BUILT_PRODUCTS_DIR; };
		9018949124DD388800082E25 /* FavoritedGames+CoreDataProperties.swift */ = {isa = PBXFileReference; lastKnownFileType = sourcecode.swift; path = "FavoritedGames+CoreDataProperties.swift"; sourceTree = "<group>"; };
		9018949224DD388800082E25 /* FavoritedGames+CoreDataClass.swift */ = {isa = PBXFileReference; lastKnownFileType = sourcecode.swift; path = "FavoritedGames+CoreDataClass.swift"; sourceTree = "<group>"; };
		9018949524DD68BD00082E25 /* FavoritesViewModel.swift */ = {isa = PBXFileReference; lastKnownFileType = sourcecode.swift; path = FavoritesViewModel.swift; sourceTree = "<group>"; };
		9018949724DE945F00082E25 /* Constants.swift */ = {isa = PBXFileReference; lastKnownFileType = sourcecode.swift; path = Constants.swift; sourceTree = "<group>"; };
		9018949924DEC09A00082E25 /* SpinnerViewController.swift */ = {isa = PBXFileReference; lastKnownFileType = sourcecode.swift; path = SpinnerViewController.swift; sourceTree = "<group>"; };
		9018949F24DF318900082E25 /* UITextView-ReadMore.swift */ = {isa = PBXFileReference; lastKnownFileType = sourcecode.swift; path = "UITextView-ReadMore.swift"; sourceTree = "<group>"; };
		902416A324D74FCF00B4AE15 /* GameTableCellViewModel.swift */ = {isa = PBXFileReference; lastKnownFileType = sourcecode.swift; path = GameTableCellViewModel.swift; sourceTree = "<group>"; };
		902416A724D7FE8B00B4AE15 /* UITableView-ReloadAnimated.swift */ = {isa = PBXFileReference; lastKnownFileType = sourcecode.swift; path = "UITableView-ReloadAnimated.swift"; sourceTree = "<group>"; };
		902416AB24D8013700B4AE15 /* GameDetail.storyboard */ = {isa = PBXFileReference; lastKnownFileType = file.storyboard; path = GameDetail.storyboard; sourceTree = "<group>"; };
		902416AD24D8930500B4AE15 /* GameDetailViewController.swift */ = {isa = PBXFileReference; lastKnownFileType = sourcecode.swift; path = GameDetailViewController.swift; sourceTree = "<group>"; };
		902416AF24D89FA500B4AE15 /* PersistanceService.swift */ = {isa = PBXFileReference; lastKnownFileType = sourcecode.swift; path = PersistanceService.swift; sourceTree = "<group>"; };
		9049C73324DFF14700D32E54 /* GameTitleGradientView.swift */ = {isa = PBXFileReference; lastKnownFileType = sourcecode.swift; path = GameTitleGradientView.swift; sourceTree = "<group>"; };
		9049C73824E001AE00D32E54 /* game1.json */ = {isa = PBXFileReference; lastKnownFileType = text.json; path = game1.json; sourceTree = "<group>"; };
		9049C73A24E001C400D32E54 /* game2.json */ = {isa = PBXFileReference; lastKnownFileType = text.json; path = game2.json; sourceTree = "<group>"; };
		9049C73C24E001F900D32E54 /* game3.json */ = {isa = PBXFileReference; lastKnownFileType = text.json; path = game3.json; sourceTree = "<group>"; };
		9049C73E24E0029A00D32E54 /* GamesControllerTests.swift */ = {isa = PBXFileReference; lastKnownFileType = sourcecode.swift; path = GamesControllerTests.swift; sourceTree = "<group>"; };
		9049C74024E056B900D32E54 /* MockServiceManager.swift */ = {isa = PBXFileReference; lastKnownFileType = sourcecode.swift; path = MockServiceManager.swift; sourceTree = "<group>"; };
		9049C74224E056EA00D32E54 /* MockGameViewController.swift */ = {isa = PBXFileReference; lastKnownFileType = sourcecode.swift; path = MockGameViewController.swift; sourceTree = "<group>"; };
		9049C74424E0581500D32E54 /* MockDataLoader.swift */ = {isa = PBXFileReference; lastKnownFileType = sourcecode.swift; path = MockDataLoader.swift; sourceTree = "<group>"; };
		9049C74824E058E400D32E54 /* gameResults.json */ = {isa = PBXFileReference; lastKnownFileType = text.json; path = gameResults.json; sourceTree = "<group>"; };
		9049C74A24E0880F00D32E54 /* GameDetailControllerTests.swift */ = {isa = PBXFileReference; lastKnownFileType = sourcecode.swift; path = GameDetailControllerTests.swift; sourceTree = "<group>"; };
		909ED0DA24D996E30039A260 /* OpenedGames+CoreDataClass.swift */ = {isa = PBXFileReference; lastKnownFileType = sourcecode.swift; path = "OpenedGames+CoreDataClass.swift"; sourceTree = "<group>"; };
		909ED0DB24D996E30039A260 /* OpenedGames+CoreDataProperties.swift */ = {isa = PBXFileReference; lastKnownFileType = sourcecode.swift; path = "OpenedGames+CoreDataProperties.swift"; sourceTree = "<group>"; };
		909ED0E024DA10ED0039A260 /* UITableView-EmptyDataView.swift */ = {isa = PBXFileReference; lastKnownFileType = sourcecode.swift; path = "UITableView-EmptyDataView.swift"; sourceTree = "<group>"; };
		909ED0F424DBE2F30039A260 /* GameDetailViewModel.swift */ = {isa = PBXFileReference; lastKnownFileType = sourcecode.swift; path = GameDetailViewModel.swift; sourceTree = "<group>"; };
		909ED0F624DBE3250039A260 /* GameDetailContracts.swift */ = {isa = PBXFileReference; lastKnownFileType = sourcecode.swift; path = GameDetailContracts.swift; sourceTree = "<group>"; };
		909ED0F824DC126E0039A260 /* String-HTMLtoString.swift */ = {isa = PBXFileReference; lastKnownFileType = sourcecode.swift; path = "String-HTMLtoString.swift"; sourceTree = "<group>"; };
		90F093DD24D4A4170043B1EA /* LeanGameScale.app */ = {isa = PBXFileReference; explicitFileType = wrapper.application; includeInIndex = 0; path = LeanGameScale.app; sourceTree = BUILT_PRODUCTS_DIR; };
		90F093E024D4A4170043B1EA /* AppDelegate.swift */ = {isa = PBXFileReference; lastKnownFileType = sourcecode.swift; path = AppDelegate.swift; sourceTree = "<group>"; };
		90F093E424D4A4170043B1EA /* GamesViewController.swift */ = {isa = PBXFileReference; lastKnownFileType = sourcecode.swift; path = GamesViewController.swift; sourceTree = "<group>"; };
		90F093EA24D4A4170043B1EA /* LeanGameScale.xcdatamodel */ = {isa = PBXFileReference; lastKnownFileType = wrapper.xcdatamodel; path = LeanGameScale.xcdatamodel; sourceTree = "<group>"; };
		90F093EC24D4A4190043B1EA /* Assets.xcassets */ = {isa = PBXFileReference; lastKnownFileType = folder.assetcatalog; path = Assets.xcassets; sourceTree = "<group>"; };
		90F093EF24D4A4190043B1EA /* Base */ = {isa = PBXFileReference; lastKnownFileType = file.storyboard; name = Base; path = Base.lproj/LaunchScreen.storyboard; sourceTree = "<group>"; };
		90F093F124D4A4190043B1EA /* Info.plist */ = {isa = PBXFileReference; lastKnownFileType = text.plist.xml; path = Info.plist; sourceTree = "<group>"; };
		90F093F624D4A4190043B1EA /* LeanGameScaleTests.xctest */ = {isa = PBXFileReference; explicitFileType = wrapper.cfbundle; includeInIndex = 0; path = LeanGameScaleTests.xctest; sourceTree = BUILT_PRODUCTS_DIR; };
		90F093FC24D4A4190043B1EA /* Info.plist */ = {isa = PBXFileReference; lastKnownFileType = text.plist.xml; path = Info.plist; sourceTree = "<group>"; };
		90F2815824D53EF50049AF0E /* Games.storyboard */ = {isa = PBXFileReference; fileEncoding = 4; lastKnownFileType = file.storyboard; path = Games.storyboard; sourceTree = "<group>"; };
		90F2815A24D53FB10049AF0E /* Favorites.storyboard */ = {isa = PBXFileReference; fileEncoding = 4; lastKnownFileType = file.storyboard; path = Favorites.storyboard; sourceTree = "<group>"; };
		90F2815D24D59D880049AF0E /* Coordinator.swift */ = {isa = PBXFileReference; lastKnownFileType = sourcecode.swift; path = Coordinator.swift; sourceTree = "<group>"; };
		90F2815F24D59D920049AF0E /* Storyboarded.swift */ = {isa = PBXFileReference; lastKnownFileType = sourcecode.swift; path = Storyboarded.swift; sourceTree = "<group>"; };
		90F2816424D5A1A90049AF0E /* FavoritesViewController.swift */ = {isa = PBXFileReference; lastKnownFileType = sourcecode.swift; path = FavoritesViewController.swift; sourceTree = "<group>"; };
		90F2816624D5A1D90049AF0E /* MainTabBarController.swift */ = {isa = PBXFileReference; lastKnownFileType = sourcecode.swift; path = MainTabBarController.swift; sourceTree = "<group>"; };
		90F2816824D5A2A20049AF0E /* GamesCoordinator.swift */ = {isa = PBXFileReference; lastKnownFileType = sourcecode.swift; path = GamesCoordinator.swift; sourceTree = "<group>"; };
		90F2816A24D5A30C0049AF0E /* FavoritesCoordinator.swift */ = {isa = PBXFileReference; lastKnownFileType = sourcecode.swift; path = FavoritesCoordinator.swift; sourceTree = "<group>"; };
		90F2819524D690F50049AF0E /* LeanGameScaleAPI.framework */ = {isa = PBXFileReference; explicitFileType = wrapper.framework; path = LeanGameScaleAPI.framework; sourceTree = BUILT_PRODUCTS_DIR; };
		90F281A424D70E2B0049AF0E /* GamesViewModel.swift */ = {isa = PBXFileReference; lastKnownFileType = sourcecode.swift; path = GamesViewModel.swift; sourceTree = "<group>"; };
		90F281A624D70EF20049AF0E /* GamesContracts.swift */ = {isa = PBXFileReference; lastKnownFileType = sourcecode.swift; path = GamesContracts.swift; sourceTree = "<group>"; };
		90F281A924D71DD30049AF0E /* Collection-SafeIndex.swift */ = {isa = PBXFileReference; lastKnownFileType = sourcecode.swift; path = "Collection-SafeIndex.swift"; sourceTree = "<group>"; };
		90F281AB24D725530049AF0E /* UIViewController-LoadingAnimation.swift */ = {isa = PBXFileReference; lastKnownFileType = sourcecode.swift; path = "UIViewController-LoadingAnimation.swift"; sourceTree = "<group>"; };
		90F281AE24D7449E0049AF0E /* GameTableViewCell.swift */ = {isa = PBXFileReference; lastKnownFileType = sourcecode.swift; path = GameTableViewCell.swift; sourceTree = "<group>"; };
		90F281AF24D7449E0049AF0E /* GameTableViewCell.xib */ = {isa = PBXFileReference; lastKnownFileType = file.xib; path = GameTableViewCell.xib; sourceTree = "<group>"; };
		AD5A0B1A7997CD5274836C15 /* Pods_LeanGameScaleTests.framework */ = {isa = PBXFileReference; explicitFileType = wrapper.framework; includeInIndex = 0; path = Pods_LeanGameScaleTests.framework; sourceTree = BUILT_PRODUCTS_DIR; };
		FF04A97F7D44EAA910F5DBE1 /* Pods-LeanGameScale.release.xcconfig */ = {isa = PBXFileReference; includeInIndex = 1; lastKnownFileType = text.xcconfig; name = "Pods-LeanGameScale.release.xcconfig"; path = "Target Support Files/Pods-LeanGameScale/Pods-LeanGameScale.release.xcconfig"; sourceTree = "<group>"; };
/* End PBXFileReference section */

/* Begin PBXFrameworksBuildPhase section */
		90F093DA24D4A4170043B1EA /* Frameworks */ = {
			isa = PBXFrameworksBuildPhase;
			buildActionMask = 2147483647;
			files = (
				90F2819624D690F50049AF0E /* LeanGameScaleAPI.framework in Frameworks */,
				9EA5AC13E1E9A21730E817E8 /* Pods_LeanGameScale.framework in Frameworks */,
			);
			runOnlyForDeploymentPostprocessing = 0;
		};
		90F093F324D4A4190043B1EA /* Frameworks */ = {
			isa = PBXFrameworksBuildPhase;
			buildActionMask = 2147483647;
			files = (
				2CCA6C94114E076249A51E71 /* Pods_LeanGameScaleTests.framework in Frameworks */,
			);
			runOnlyForDeploymentPostprocessing = 0;
		};
/* End PBXFrameworksBuildPhase section */

/* Begin PBXGroup section */
		7A6F020FAFAFF9BA2EEEB515 /* Pods */ = {
			isa = PBXGroup;
			children = (
				625DAD027EB89D51BCE67CB3 /* Pods-LeanGameScale.debug.xcconfig */,
				FF04A97F7D44EAA910F5DBE1 /* Pods-LeanGameScale.release.xcconfig */,
				51ABA2BF6AC95D3DD14D7AA4 /* Pods-LeanGameScaleTests.debug.xcconfig */,
				6910022B2729843F2EF0D801 /* Pods-LeanGameScaleTests.release.xcconfig */,
			);
			path = Pods;
			sourceTree = "<group>";
		};
		902416A924D800EB00B4AE15 /* Reusables */ = {
			isa = PBXGroup;
			children = (
				90F281AD24D744540049AF0E /* GameTableViewCell */,
				9018949924DEC09A00082E25 /* SpinnerViewController.swift */,
			);
			path = Reusables;
			sourceTree = "<group>";
		};
		902416AA24D8012300B4AE15 /* Game Detail */ = {
			isa = PBXGroup;
			children = (
				9049C73524DFF15E00D32E54 /* Views */,
				902416AB24D8013700B4AE15 /* GameDetail.storyboard */,
				902416AD24D8930500B4AE15 /* GameDetailViewController.swift */,
				909ED0F424DBE2F30039A260 /* GameDetailViewModel.swift */,
				909ED0F624DBE3250039A260 /* GameDetailContracts.swift */,
			);
			path = "Game Detail";
			sourceTree = "<group>";
		};
		9049C73524DFF15E00D32E54 /* Views */ = {
			isa = PBXGroup;
			children = (
				9049C73324DFF14700D32E54 /* GameTitleGradientView.swift */,
			);
			path = Views;
			sourceTree = "<group>";
		};
		9049C73624E0016000D32E54 /* Mocks */ = {
			isa = PBXGroup;
			children = (
				9049C74424E0581500D32E54 /* MockDataLoader.swift */,
				9049C73724E0016800D32E54 /* MockData */,
				9049C74024E056B900D32E54 /* MockServiceManager.swift */,
				9049C74224E056EA00D32E54 /* MockGameViewController.swift */,
			);
			path = Mocks;
			sourceTree = "<group>";
		};
		9049C73724E0016800D32E54 /* MockData */ = {
			isa = PBXGroup;
			children = (
				9049C73824E001AE00D32E54 /* game1.json */,
				9049C73A24E001C400D32E54 /* game2.json */,
				9049C73C24E001F900D32E54 /* game3.json */,
				9049C74824E058E400D32E54 /* gameResults.json */,
			);
			path = MockData;
			sourceTree = "<group>";
		};
		90F093D424D4A4170043B1EA = {
			isa = PBXGroup;
			children = (
				90F093DF24D4A4170043B1EA /* LeanGameScale */,
				90F093F924D4A4190043B1EA /* LeanGameScaleTests */,
				90F093DE24D4A4170043B1EA /* Products */,
				90F2819424D690F50049AF0E /* Frameworks */,
				7A6F020FAFAFF9BA2EEEB515 /* Pods */,
			);
			sourceTree = "<group>";
		};
		90F093DE24D4A4170043B1EA /* Products */ = {
			isa = PBXGroup;
			children = (
				90F093DD24D4A4170043B1EA /* LeanGameScale.app */,
				90F093F624D4A4190043B1EA /* LeanGameScaleTests.xctest */,
			);
			name = Products;
			sourceTree = "<group>";
		};
		90F093DF24D4A4170043B1EA /* LeanGameScale */ = {
			isa = PBXGroup;
			children = (
				90F093E024D4A4170043B1EA /* AppDelegate.swift */,
				90F2816624D5A1D90049AF0E /* MainTabBarController.swift */,
				9018949724DE945F00082E25 /* Constants.swift */,
				90F2816324D5A1340049AF0E /* Tabs */,
				90F2815C24D59D6C0049AF0E /* Protocols */,
				90F281A824D71DBB0049AF0E /* Extensions */,
				902416A924D800EB00B4AE15 /* Reusables */,
				90F0941524D4AEF40043B1EA /* Resources */,
				90F0941624D4AEFC0043B1EA /* Supporting Files */,
				90F0941724D4AF1F0043B1EA /* Persistence */,
			);
			path = LeanGameScale;
			sourceTree = "<group>";
		};
		90F093F924D4A4190043B1EA /* LeanGameScaleTests */ = {
			isa = PBXGroup;
			children = (
				9049C73624E0016000D32E54 /* Mocks */,
				9049C73E24E0029A00D32E54 /* GamesControllerTests.swift */,
				9049C74A24E0880F00D32E54 /* GameDetailControllerTests.swift */,
				90F093FC24D4A4190043B1EA /* Info.plist */,
			);
			path = LeanGameScaleTests;
			sourceTree = "<group>";
		};
		90F0941524D4AEF40043B1EA /* Resources */ = {
			isa = PBXGroup;
			children = (
				90F093EC24D4A4190043B1EA /* Assets.xcassets */,
			);
			path = Resources;
			sourceTree = "<group>";
		};
		90F0941624D4AEFC0043B1EA /* Supporting Files */ = {
			isa = PBXGroup;
			children = (
				90F093EE24D4A4190043B1EA /* LaunchScreen.storyboard */,
				90F093F124D4A4190043B1EA /* Info.plist */,
			);
			path = "Supporting Files";
			sourceTree = "<group>";
		};
		90F0941724D4AF1F0043B1EA /* Persistence */ = {
			isa = PBXGroup;
			children = (
				9018949224DD388800082E25 /* FavoritedGames+CoreDataClass.swift */,
				9018949124DD388800082E25 /* FavoritedGames+CoreDataProperties.swift */,
				909ED0DA24D996E30039A260 /* OpenedGames+CoreDataClass.swift */,
				909ED0DB24D996E30039A260 /* OpenedGames+CoreDataProperties.swift */,
				90F093E924D4A4170043B1EA /* LeanGameScale.xcdatamodeld */,
				902416AF24D89FA500B4AE15 /* PersistanceService.swift */,
			);
			path = Persistence;
			sourceTree = "<group>";
		};
		90F0941824D4AF6C0043B1EA /* Games */ = {
			isa = PBXGroup;
			children = (
				90F2815824D53EF50049AF0E /* Games.storyboard */,
				90F2816824D5A2A20049AF0E /* GamesCoordinator.swift */,
				90F093E424D4A4170043B1EA /* GamesViewController.swift */,
				90F281A424D70E2B0049AF0E /* GamesViewModel.swift */,
				90F281A624D70EF20049AF0E /* GamesContracts.swift */,
			);
			path = Games;
			sourceTree = "<group>";
		};
		90F2815C24D59D6C0049AF0E /* Protocols */ = {
			isa = PBXGroup;
			children = (
				90F2815F24D59D920049AF0E /* Storyboarded.swift */,
				90F2815D24D59D880049AF0E /* Coordinator.swift */,
			);
			path = Protocols;
			sourceTree = "<group>";
		};
		90F2816124D5A0F50049AF0E /* Favorites */ = {
			isa = PBXGroup;
			children = (
				90F2815A24D53FB10049AF0E /* Favorites.storyboard */,
				90F2816A24D5A30C0049AF0E /* FavoritesCoordinator.swift */,
				90F2816424D5A1A90049AF0E /* FavoritesViewController.swift */,
				9018949524DD68BD00082E25 /* FavoritesViewModel.swift */,
			);
			path = Favorites;
			sourceTree = "<group>";
		};
		90F2816324D5A1340049AF0E /* Tabs */ = {
			isa = PBXGroup;
			children = (
				902416AA24D8012300B4AE15 /* Game Detail */,
				90F0941824D4AF6C0043B1EA /* Games */,
				90F2816124D5A0F50049AF0E /* Favorites */,
			);
			path = Tabs;
			sourceTree = "<group>";
		};
		90F2819424D690F50049AF0E /* Frameworks */ = {
			isa = PBXGroup;
			children = (
				90F2819524D690F50049AF0E /* LeanGameScaleAPI.framework */,
				7F5C2E0766E39FF1514CAF0A /* Pods_LeanGameScale.framework */,
				7AA4849572C763C9E7862482 /* Pods_LeanGameScale_LeanGameScaleUITests.framework */,
				AD5A0B1A7997CD5274836C15 /* Pods_LeanGameScaleTests.framework */,
			);
			name = Frameworks;
			sourceTree = "<group>";
		};
		90F281A824D71DBB0049AF0E /* Extensions */ = {
			isa = PBXGroup;
			children = (
				90F281A924D71DD30049AF0E /* Collection-SafeIndex.swift */,
				90F281AB24D725530049AF0E /* UIViewController-LoadingAnimation.swift */,
				902416A724D7FE8B00B4AE15 /* UITableView-ReloadAnimated.swift */,
				909ED0E024DA10ED0039A260 /* UITableView-EmptyDataView.swift */,
				909ED0F824DC126E0039A260 /* String-HTMLtoString.swift */,
				9018949F24DF318900082E25 /* UITextView-ReadMore.swift */,
			);
			path = Extensions;
			sourceTree = "<group>";
		};
		90F281AD24D744540049AF0E /* GameTableViewCell */ = {
			isa = PBXGroup;
			children = (
				902416A324D74FCF00B4AE15 /* GameTableCellViewModel.swift */,
				90F281AE24D7449E0049AF0E /* GameTableViewCell.swift */,
				90F281AF24D7449E0049AF0E /* GameTableViewCell.xib */,
			);
			path = GameTableViewCell;
			sourceTree = "<group>";
		};
/* End PBXGroup section */

/* Begin PBXNativeTarget section */
		90F093DC24D4A4170043B1EA /* LeanGameScale */ = {
			isa = PBXNativeTarget;
			buildConfigurationList = 90F0940A24D4A41A0043B1EA /* Build configuration list for PBXNativeTarget "LeanGameScale" */;
			buildPhases = (
				557565625A59633CF2038F5E /* [CP] Check Pods Manifest.lock */,
				90F093D924D4A4170043B1EA /* Sources */,
				90F093DA24D4A4170043B1EA /* Frameworks */,
				90F093DB24D4A4170043B1EA /* Resources */,
				90F2819824D690F50049AF0E /* Embed Frameworks */,
				727666402ADEEE472B98FBC8 /* [CP] Embed Pods Frameworks */,
			);
			buildRules = (
			);
			dependencies = (
			);
			name = LeanGameScale;
			productName = LeanGameScale;
			productReference = 90F093DD24D4A4170043B1EA /* LeanGameScale.app */;
			productType = "com.apple.product-type.application";
		};
		90F093F524D4A4190043B1EA /* LeanGameScaleTests */ = {
			isa = PBXNativeTarget;
			buildConfigurationList = 90F0940D24D4A41A0043B1EA /* Build configuration list for PBXNativeTarget "LeanGameScaleTests" */;
			buildPhases = (
				CFB08EA356FFC38221C433A0 /* [CP] Check Pods Manifest.lock */,
				90F093F224D4A4190043B1EA /* Sources */,
				90F093F324D4A4190043B1EA /* Frameworks */,
				90F093F424D4A4190043B1EA /* Resources */,
			);
			buildRules = (
			);
			dependencies = (
				90F093F824D4A4190043B1EA /* PBXTargetDependency */,
			);
			name = LeanGameScaleTests;
			productName = LeanGameScaleTests;
			productReference = 90F093F624D4A4190043B1EA /* LeanGameScaleTests.xctest */;
			productType = "com.apple.product-type.bundle.unit-test";
		};
/* End PBXNativeTarget section */

/* Begin PBXProject section */
		90F093D524D4A4170043B1EA /* Project object */ = {
			isa = PBXProject;
			attributes = {
				LastSwiftUpdateCheck = 1120;
				LastUpgradeCheck = 1120;
				ORGANIZATIONNAME = unalCe;
				TargetAttributes = {
					90F093DC24D4A4170043B1EA = {
						CreatedOnToolsVersion = 11.2.1;
					};
					90F093F524D4A4190043B1EA = {
						CreatedOnToolsVersion = 11.2.1;
						TestTargetID = 90F093DC24D4A4170043B1EA;
					};
				};
			};
			buildConfigurationList = 90F093D824D4A4170043B1EA /* Build configuration list for PBXProject "LeanGameScale" */;
			compatibilityVersion = "Xcode 9.3";
			developmentRegion = en;
			hasScannedForEncodings = 0;
			knownRegions = (
				en,
				Base,
			);
			mainGroup = 90F093D424D4A4170043B1EA;
			productRefGroup = 90F093DE24D4A4170043B1EA /* Products */;
			projectDirPath = "";
			projectRoot = "";
			targets = (
				90F093DC24D4A4170043B1EA /* LeanGameScale */,
				90F093F524D4A4190043B1EA /* LeanGameScaleTests */,
			);
		};
/* End PBXProject section */

/* Begin PBXResourcesBuildPhase section */
		90F093DB24D4A4170043B1EA /* Resources */ = {
			isa = PBXResourcesBuildPhase;
			buildActionMask = 2147483647;
			files = (
				90F2815924D53EF50049AF0E /* Games.storyboard in Resources */,
				90F281B124D7449E0049AF0E /* GameTableViewCell.xib in Resources */,
				90F093F024D4A4190043B1EA /* LaunchScreen.storyboard in Resources */,
				90F093ED24D4A4190043B1EA /* Assets.xcassets in Resources */,
				90F2815B24D53FB10049AF0E /* Favorites.storyboard in Resources */,
				902416AC24D8013700B4AE15 /* GameDetail.storyboard in Resources */,
			);
			runOnlyForDeploymentPostprocessing = 0;
		};
		90F093F424D4A4190043B1EA /* Resources */ = {
			isa = PBXResourcesBuildPhase;
			buildActionMask = 2147483647;
			files = (
				9049C74924E058E400D32E54 /* gameResults.json in Resources */,
				9049C73D24E001F900D32E54 /* game3.json in Resources */,
				9049C73B24E001C400D32E54 /* game2.json in Resources */,
				9049C73924E001AE00D32E54 /* game1.json in Resources */,
			);
			runOnlyForDeploymentPostprocessing = 0;
		};
/* End PBXResourcesBuildPhase section */

/* Begin PBXShellScriptBuildPhase section */
		557565625A59633CF2038F5E /* [CP] Check Pods Manifest.lock */ = {
			isa = PBXShellScriptBuildPhase;
			buildActionMask = 2147483647;
			files = (
			);
			inputFileListPaths = (
			);
			inputPaths = (
				"${PODS_PODFILE_DIR_PATH}/Podfile.lock",
				"${PODS_ROOT}/Manifest.lock",
			);
			name = "[CP] Check Pods Manifest.lock";
			outputFileListPaths = (
			);
			outputPaths = (
				"$(DERIVED_FILE_DIR)/Pods-LeanGameScale-checkManifestLockResult.txt",
			);
			runOnlyForDeploymentPostprocessing = 0;
			shellPath = /bin/sh;
			shellScript = "diff \"${PODS_PODFILE_DIR_PATH}/Podfile.lock\" \"${PODS_ROOT}/Manifest.lock\" > /dev/null\nif [ $? != 0 ] ; then\n    # print error to STDERR\n    echo \"error: The sandbox is not in sync with the Podfile.lock. Run 'pod install' or update your CocoaPods installation.\" >&2\n    exit 1\nfi\n# This output is used by Xcode 'outputs' to avoid re-running this script phase.\necho \"SUCCESS\" > \"${SCRIPT_OUTPUT_FILE_0}\"\n";
			showEnvVarsInLog = 0;
		};
		727666402ADEEE472B98FBC8 /* [CP] Embed Pods Frameworks */ = {
			isa = PBXShellScriptBuildPhase;
			buildActionMask = 2147483647;
			files = (
			);
			inputFileListPaths = (
				"${PODS_ROOT}/Target Support Files/Pods-LeanGameScale/Pods-LeanGameScale-frameworks-${CONFIGURATION}-input-files.xcfilelist",
			);
			name = "[CP] Embed Pods Frameworks";
			outputFileListPaths = (
				"${PODS_ROOT}/Target Support Files/Pods-LeanGameScale/Pods-LeanGameScale-frameworks-${CONFIGURATION}-output-files.xcfilelist",
			);
			runOnlyForDeploymentPostprocessing = 0;
			shellPath = /bin/sh;
			shellScript = "\"${PODS_ROOT}/Target Support Files/Pods-LeanGameScale/Pods-LeanGameScale-frameworks.sh\"\n";
			showEnvVarsInLog = 0;
		};
		CFB08EA356FFC38221C433A0 /* [CP] Check Pods Manifest.lock */ = {
			isa = PBXShellScriptBuildPhase;
			buildActionMask = 2147483647;
			files = (
			);
			inputFileListPaths = (
			);
			inputPaths = (
				"${PODS_PODFILE_DIR_PATH}/Podfile.lock",
				"${PODS_ROOT}/Manifest.lock",
			);
			name = "[CP] Check Pods Manifest.lock";
			outputFileListPaths = (
			);
			outputPaths = (
				"$(DERIVED_FILE_DIR)/Pods-LeanGameScaleTests-checkManifestLockResult.txt",
			);
			runOnlyForDeploymentPostprocessing = 0;
			shellPath = /bin/sh;
			shellScript = "diff \"${PODS_PODFILE_DIR_PATH}/Podfile.lock\" \"${PODS_ROOT}/Manifest.lock\" > /dev/null\nif [ $? != 0 ] ; then\n    # print error to STDERR\n    echo \"error: The sandbox is not in sync with the Podfile.lock. Run 'pod install' or update your CocoaPods installation.\" >&2\n    exit 1\nfi\n# This output is used by Xcode 'outputs' to avoid re-running this script phase.\necho \"SUCCESS\" > \"${SCRIPT_OUTPUT_FILE_0}\"\n";
			showEnvVarsInLog = 0;
		};
/* End PBXShellScriptBuildPhase section */

/* Begin PBXSourcesBuildPhase section */
		90F093D924D4A4170043B1EA /* Sources */ = {
			isa = PBXSourcesBuildPhase;
			buildActionMask = 2147483647;
			files = (
				90F2815E24D59D880049AF0E /* Coordinator.swift in Sources */,
				909ED0DC24D996E40039A260 /* OpenedGames+CoreDataProperties.swift in Sources */,
				90F281AA24D71DD30049AF0E /* Collection-SafeIndex.swift in Sources */,
				90F093EB24D4A4170043B1EA /* LeanGameScale.xcdatamodeld in Sources */,
				9018949424DD388800082E25 /* FavoritedGames+CoreDataProperties.swift in Sources */,
				909ED0F924DC126F0039A260 /* String-HTMLtoString.swift in Sources */,
				90F2816924D5A2A20049AF0E /* GamesCoordinator.swift in Sources */,
				90F2816024D59D920049AF0E /* Storyboarded.swift in Sources */,
				9049C73424DFF14700D32E54 /* GameTitleGradientView.swift in Sources */,
				90F2816724D5A1D90049AF0E /* MainTabBarController.swift in Sources */,
				902416A824D7FE8B00B4AE15 /* UITableView-ReloadAnimated.swift in Sources */,
				909ED0E124DA10ED0039A260 /* UITableView-EmptyDataView.swift in Sources */,
				9018949824DE945F00082E25 /* Constants.swift in Sources */,
				901894A024DF318900082E25 /* UITextView-ReadMore.swift in Sources */,
				90F093E524D4A4170043B1EA /* GamesViewController.swift in Sources */,
				902416A424D74FCF00B4AE15 /* GameTableCellViewModel.swift in Sources */,
				9018949A24DEC09A00082E25 /* SpinnerViewController.swift in Sources */,
				909ED0DD24D996E40039A260 /* OpenedGames+CoreDataClass.swift in Sources */,
				909ED0F524DBE2F30039A260 /* GameDetailViewModel.swift in Sources */,
				90F281B024D7449E0049AF0E /* GameTableViewCell.swift in Sources */,
				909ED0F724DBE3250039A260 /* GameDetailContracts.swift in Sources */,
				90F2816524D5A1A90049AF0E /* FavoritesViewController.swift in Sources */,
				90F2816B24D5A30C0049AF0E /* FavoritesCoordinator.swift in Sources */,
				902416AE24D8930500B4AE15 /* GameDetailViewController.swift in Sources */,
				902416B024D89FA600B4AE15 /* PersistanceService.swift in Sources */,
				9018949624DD68BD00082E25 /* FavoritesViewModel.swift in Sources */,
				90F281AC24D725540049AF0E /* UIViewController-LoadingAnimation.swift in Sources */,
				90F281A724D70EF20049AF0E /* GamesContracts.swift in Sources */,
				9018949324DD388800082E25 /* FavoritedGames+CoreDataClass.swift in Sources */,
				90F281A524D70E2B0049AF0E /* GamesViewModel.swift in Sources */,
				90F093E124D4A4170043B1EA /* AppDelegate.swift in Sources */,
			);
			runOnlyForDeploymentPostprocessing = 0;
		};
		90F093F224D4A4190043B1EA /* Sources */ = {
			isa = PBXSourcesBuildPhase;
			buildActionMask = 2147483647;
			files = (
				9049C74124E056B900D32E54 /* MockServiceManager.swift in Sources */,
				9049C74524E0581500D32E54 /* MockDataLoader.swift in Sources */,
				9049C74324E056EA00D32E54 /* MockGameViewController.swift in Sources */,
				9049C73F24E0029A00D32E54 /* GamesControllerTests.swift in Sources */,
				9049C74B24E0880F00D32E54 /* GameDetailControllerTests.swift in Sources */,
			);
			runOnlyForDeploymentPostprocessing = 0;
		};
/* End PBXSourcesBuildPhase section */

/* Begin PBXTargetDependency section */
		90F093F824D4A4190043B1EA /* PBXTargetDependency */ = {
			isa = PBXTargetDependency;
			target = 90F093DC24D4A4170043B1EA /* LeanGameScale */;
			targetProxy = 90F093F724D4A4190043B1EA /* PBXContainerItemProxy */;
		};
/* End PBXTargetDependency section */

/* Begin PBXVariantGroup section */
		90F093EE24D4A4190043B1EA /* LaunchScreen.storyboard */ = {
			isa = PBXVariantGroup;
			children = (
				90F093EF24D4A4190043B1EA /* Base */,
			);
			name = LaunchScreen.storyboard;
			sourceTree = "<group>";
		};
/* End PBXVariantGroup section */

/* Begin XCBuildConfiguration section */
		90F0940824D4A41A0043B1EA /* Debug */ = {
			isa = XCBuildConfiguration;
			buildSettings = {
				ALWAYS_SEARCH_USER_PATHS = NO;
				CLANG_ANALYZER_NONNULL = YES;
				CLANG_ANALYZER_NUMBER_OBJECT_CONVERSION = YES_AGGRESSIVE;
				CLANG_CXX_LANGUAGE_STANDARD = "gnu++14";
				CLANG_CXX_LIBRARY = "libc++";
				CLANG_ENABLE_MODULES = YES;
				CLANG_ENABLE_OBJC_ARC = YES;
				CLANG_ENABLE_OBJC_WEAK = YES;
				CLANG_WARN_BLOCK_CAPTURE_AUTORELEASING = YES;
				CLANG_WARN_BOOL_CONVERSION = YES;
				CLANG_WARN_COMMA = YES;
				CLANG_WARN_CONSTANT_CONVERSION = YES;
				CLANG_WARN_DEPRECATED_OBJC_IMPLEMENTATIONS = YES;
				CLANG_WARN_DIRECT_OBJC_ISA_USAGE = YES_ERROR;
				CLANG_WARN_DOCUMENTATION_COMMENTS = YES;
				CLANG_WARN_EMPTY_BODY = YES;
				CLANG_WARN_ENUM_CONVERSION = YES;
				CLANG_WARN_INFINITE_RECURSION = YES;
				CLANG_WARN_INT_CONVERSION = YES;
				CLANG_WARN_NON_LITERAL_NULL_CONVERSION = YES;
				CLANG_WARN_OBJC_IMPLICIT_RETAIN_SELF = YES;
				CLANG_WARN_OBJC_LITERAL_CONVERSION = YES;
				CLANG_WARN_OBJC_ROOT_CLASS = YES_ERROR;
				CLANG_WARN_RANGE_LOOP_ANALYSIS = YES;
				CLANG_WARN_STRICT_PROTOTYPES = YES;
				CLANG_WARN_SUSPICIOUS_MOVE = YES;
				CLANG_WARN_UNGUARDED_AVAILABILITY = YES_AGGRESSIVE;
				CLANG_WARN_UNREACHABLE_CODE = YES;
				CLANG_WARN__DUPLICATE_METHOD_MATCH = YES;
				COPY_PHASE_STRIP = NO;
				DEBUG_INFORMATION_FORMAT = dwarf;
				ENABLE_STRICT_OBJC_MSGSEND = YES;
				ENABLE_TESTABILITY = YES;
				GCC_C_LANGUAGE_STANDARD = gnu11;
				GCC_DYNAMIC_NO_PIC = NO;
				GCC_NO_COMMON_BLOCKS = YES;
				GCC_OPTIMIZATION_LEVEL = 0;
				GCC_PREPROCESSOR_DEFINITIONS = (
					"DEBUG=1",
					"$(inherited)",
				);
				GCC_WARN_64_TO_32_BIT_CONVERSION = YES;
				GCC_WARN_ABOUT_RETURN_TYPE = YES_ERROR;
				GCC_WARN_UNDECLARED_SELECTOR = YES;
				GCC_WARN_UNINITIALIZED_AUTOS = YES_AGGRESSIVE;
				GCC_WARN_UNUSED_FUNCTION = YES;
				GCC_WARN_UNUSED_VARIABLE = YES;
				IPHONEOS_DEPLOYMENT_TARGET = 13.2;
				MTL_ENABLE_DEBUG_INFO = INCLUDE_SOURCE;
				MTL_FAST_MATH = YES;
				ONLY_ACTIVE_ARCH = YES;
				SDKROOT = iphoneos;
				SWIFT_ACTIVE_COMPILATION_CONDITIONS = DEBUG;
				SWIFT_OPTIMIZATION_LEVEL = "-Onone";
			};
			name = Debug;
		};
		90F0940924D4A41A0043B1EA /* Release */ = {
			isa = XCBuildConfiguration;
			buildSettings = {
				ALWAYS_SEARCH_USER_PATHS = NO;
				CLANG_ANALYZER_NONNULL = YES;
				CLANG_ANALYZER_NUMBER_OBJECT_CONVERSION = YES_AGGRESSIVE;
				CLANG_CXX_LANGUAGE_STANDARD = "gnu++14";
				CLANG_CXX_LIBRARY = "libc++";
				CLANG_ENABLE_MODULES = YES;
				CLANG_ENABLE_OBJC_ARC = YES;
				CLANG_ENABLE_OBJC_WEAK = YES;
				CLANG_WARN_BLOCK_CAPTURE_AUTORELEASING = YES;
				CLANG_WARN_BOOL_CONVERSION = YES;
				CLANG_WARN_COMMA = YES;
				CLANG_WARN_CONSTANT_CONVERSION = YES;
				CLANG_WARN_DEPRECATED_OBJC_IMPLEMENTATIONS = YES;
				CLANG_WARN_DIRECT_OBJC_ISA_USAGE = YES_ERROR;
				CLANG_WARN_DOCUMENTATION_COMMENTS = YES;
				CLANG_WARN_EMPTY_BODY = YES;
				CLANG_WARN_ENUM_CONVERSION = YES;
				CLANG_WARN_INFINITE_RECURSION = YES;
				CLANG_WARN_INT_CONVERSION = YES;
				CLANG_WARN_NON_LITERAL_NULL_CONVERSION = YES;
				CLANG_WARN_OBJC_IMPLICIT_RETAIN_SELF = YES;
				CLANG_WARN_OBJC_LITERAL_CONVERSION = YES;
				CLANG_WARN_OBJC_ROOT_CLASS = YES_ERROR;
				CLANG_WARN_RANGE_LOOP_ANALYSIS = YES;
				CLANG_WARN_STRICT_PROTOTYPES = YES;
				CLANG_WARN_SUSPICIOUS_MOVE = YES;
				CLANG_WARN_UNGUARDED_AVAILABILITY = YES_AGGRESSIVE;
				CLANG_WARN_UNREACHABLE_CODE = YES;
				CLANG_WARN__DUPLICATE_METHOD_MATCH = YES;
				COPY_PHASE_STRIP = NO;
				DEBUG_INFORMATION_FORMAT = "dwarf-with-dsym";
				ENABLE_NS_ASSERTIONS = NO;
				ENABLE_STRICT_OBJC_MSGSEND = YES;
				GCC_C_LANGUAGE_STANDARD = gnu11;
				GCC_NO_COMMON_BLOCKS = YES;
				GCC_WARN_64_TO_32_BIT_CONVERSION = YES;
				GCC_WARN_ABOUT_RETURN_TYPE = YES_ERROR;
				GCC_WARN_UNDECLARED_SELECTOR = YES;
				GCC_WARN_UNINITIALIZED_AUTOS = YES_AGGRESSIVE;
				GCC_WARN_UNUSED_FUNCTION = YES;
				GCC_WARN_UNUSED_VARIABLE = YES;
				IPHONEOS_DEPLOYMENT_TARGET = 13.2;
				MTL_ENABLE_DEBUG_INFO = NO;
				MTL_FAST_MATH = YES;
				SDKROOT = iphoneos;
				SWIFT_COMPILATION_MODE = wholemodule;
				SWIFT_OPTIMIZATION_LEVEL = "-O";
				VALIDATE_PRODUCT = YES;
			};
			name = Release;
		};
		90F0940B24D4A41A0043B1EA /* Debug */ = {
			isa = XCBuildConfiguration;
			baseConfigurationReference = 625DAD027EB89D51BCE67CB3 /* Pods-LeanGameScale.debug.xcconfig */;
			buildSettings = {
				ASSETCATALOG_COMPILER_APPICON_NAME = AppIcon;
				CODE_SIGN_STYLE = Automatic;
				DEVELOPMENT_TEAM = 77H998AFPB;
				INFOPLIST_FILE = "$(SRCROOT)/LeanGameScale/Supporting Files/Info.plist";
				IPHONEOS_DEPLOYMENT_TARGET = 11.0;
				LD_RUNPATH_SEARCH_PATHS = (
					"$(inherited)",
					"@executable_path/Frameworks",
				);
				PRODUCT_BUNDLE_IDENTIFIER = unalCe.LeanGameScale;
				PRODUCT_NAME = "$(TARGET_NAME)";
				SWIFT_VERSION = 4.2;
				TARGETED_DEVICE_FAMILY = "1,2";
			};
			name = Debug;
		};
		90F0940C24D4A41A0043B1EA /* Release */ = {
			isa = XCBuildConfiguration;
			baseConfigurationReference = FF04A97F7D44EAA910F5DBE1 /* Pods-LeanGameScale.release.xcconfig */;
			buildSettings = {
				ASSETCATALOG_COMPILER_APPICON_NAME = AppIcon;
				CODE_SIGN_STYLE = Automatic;
				DEVELOPMENT_TEAM = 77H998AFPB;
				INFOPLIST_FILE = "$(SRCROOT)/LeanGameScale/Supporting Files/Info.plist";
				IPHONEOS_DEPLOYMENT_TARGET = 11.0;
				LD_RUNPATH_SEARCH_PATHS = (
					"$(inherited)",
					"@executable_path/Frameworks",
				);
				PRODUCT_BUNDLE_IDENTIFIER = unalCe.LeanGameScale;
				PRODUCT_NAME = "$(TARGET_NAME)";
				SWIFT_VERSION = 4.2;
				TARGETED_DEVICE_FAMILY = "1,2";
			};
			name = Release;
		};
		90F0940E24D4A41A0043B1EA /* Debug */ = {
			isa = XCBuildConfiguration;
			baseConfigurationReference = 51ABA2BF6AC95D3DD14D7AA4 /* Pods-LeanGameScaleTests.debug.xcconfig */;
			buildSettings = {
				ALWAYS_EMBED_SWIFT_STANDARD_LIBRARIES = YES;
				BUNDLE_LOADER = "$(TEST_HOST)";
				"CODE_SIGN_IDENTITY[sdk=macosx*]" = "Apple Development";
				CODE_SIGN_STYLE = Automatic;
				DEVELOPMENT_TEAM = 77H998AFPB;
				INFOPLIST_FILE = LeanGameScaleTests/Info.plist;
				IPHONEOS_DEPLOYMENT_TARGET = 13.2;
				LD_RUNPATH_SEARCH_PATHS = (
					"$(inherited)",
					"@executable_path/Frameworks",
					"@loader_path/Frameworks",
				);
				PRODUCT_BUNDLE_IDENTIFIER = unalCe.LeanGameScaleTests;
				PRODUCT_NAME = "$(TARGET_NAME)";
				SWIFT_VERSION = 5.0;
				TARGETED_DEVICE_FAMILY = "1,2";
				TEST_HOST = "$(BUILT_PRODUCTS_DIR)/LeanGameScale.app/LeanGameScale";
			};
			name = Debug;
		};
		90F0940F24D4A41A0043B1EA /* Release */ = {
			isa = XCBuildConfiguration;
			baseConfigurationReference = 6910022B2729843F2EF0D801 /* Pods-LeanGameScaleTests.release.xcconfig */;
			buildSettings = {
				ALWAYS_EMBED_SWIFT_STANDARD_LIBRARIES = YES;
				BUNDLE_LOADER = "$(TEST_HOST)";
				"CODE_SIGN_IDENTITY[sdk=macosx*]" = "Apple Development";
				CODE_SIGN_STYLE = Automatic;
				DEVELOPMENT_TEAM = 77H998AFPB;
				INFOPLIST_FILE = LeanGameScaleTests/Info.plist;
				IPHONEOS_DEPLOYMENT_TARGET = 13.2;
				LD_RUNPATH_SEARCH_PATHS = (
					"$(inherited)",
					"@executable_path/Frameworks",
					"@loader_path/Frameworks",
				);
				PRODUCT_BUNDLE_IDENTIFIER = unalCe.LeanGameScaleTests;
				PRODUCT_NAME = "$(TARGET_NAME)";
				SWIFT_VERSION = 5.0;
				TARGETED_DEVICE_FAMILY = "1,2";
				TEST_HOST = "$(BUILT_PRODUCTS_DIR)/LeanGameScale.app/LeanGameScale";
			};
			name = Release;
		};
/* End XCBuildConfiguration section */

/* Begin XCConfigurationList section */
		90F093D824D4A4170043B1EA /* Build configuration list for PBXProject "LeanGameScale" */ = {
			isa = XCConfigurationList;
			buildConfigurations = (
				90F0940824D4A41A0043B1EA /* Debug */,
				90F0940924D4A41A0043B1EA /* Release */,
			);
			defaultConfigurationIsVisible = 0;
			defaultConfigurationName = Release;
		};
		90F0940A24D4A41A0043B1EA /* Build configuration list for PBXNativeTarget "LeanGameScale" */ = {
			isa = XCConfigurationList;
			buildConfigurations = (
				90F0940B24D4A41A0043B1EA /* Debug */,
				90F0940C24D4A41A0043B1EA /* Release */,
			);
			defaultConfigurationIsVisible = 0;
			defaultConfigurationName = Release;
		};
		90F0940D24D4A41A0043B1EA /* Build configuration list for PBXNativeTarget "LeanGameScaleTests" */ = {
			isa = XCConfigurationList;
			buildConfigurations = (
				90F0940E24D4A41A0043B1EA /* Debug */,
				90F0940F24D4A41A0043B1EA /* Release */,
			);
			defaultConfigurationIsVisible = 0;
			defaultConfigurationName = Release;
		};
/* End XCConfigurationList section */

/* Begin XCVersionGroup section */
		90F093E924D4A4170043B1EA /* LeanGameScale.xcdatamodeld */ = {
			isa = XCVersionGroup;
			children = (
				90F093EA24D4A4170043B1EA /* LeanGameScale.xcdatamodel */,
			);
			currentVersion = 90F093EA24D4A4170043B1EA /* LeanGameScale.xcdatamodel */;
			path = LeanGameScale.xcdatamodeld;
			sourceTree = "<group>";
			versionGroupType = wrapper.xcdatamodel;
		};
/* End XCVersionGroup section */
	};
	rootObject = 90F093D524D4A4170043B1EA /* Project object */;
}
